
Microsoft Visual Studio Solution File, Format Version 12.00
# Visual Studio Version 16
VisualStudioVersion = 16.0.31515.178
MinimumVisualStudioVersion = 10.0.40219.1
Project("{F184B08F-C81C-45F6-A57F-5ABD9991F28F}") = "ProgRND", "ProgRND.vbproj", "{F4113464-71AA-436C-9A6C-4B2F12393EF4}"
EndProject
Global
	GlobalSection(SolutionConfigurationPlatforms) = preSolution
		Debug|Any CPU = Debug|Any CPU
		Release|Any CPU = Release|Any CPU
	EndGlobalSection
	GlobalSection(ProjectConfigurationPlatforms) = postSolution
		{F4113464-71AA-436C-9A6C-4B2F12393EF4}.Debug|Any CPU.ActiveCfg = Debug|Any CPU
		{F4113464-71AA-436C-9A6C-4B2F12393EF4}.Debug|Any CPU.Build.0 = Debug|Any CPU
		{F4113464-71AA-436C-9A6C-4B2F12393EF4}.Release|Any CPU.ActiveCfg = Release|Any CPU
		{F4113464-71AA-436C-9A6C-4B2F12393EF4}.Release|Any CPU.Build.0 = Release|Any CPU
	EndGlobalSection
	GlobalSection(SolutionProperties) = preSolution
		HideSolutionNode = FALSE
	EndGlobalSection
	GlobalSection(ExtensibilityGlobals) = postSolution
		SolutionGuid = {A5031346-3293-4E02-8F70-256448D305AD}
	EndGlobalSection
EndGlobal
